
Microsoft Visual Studio Solution File, Format Version 12.00
# Visual Studio Version 17
VisualStudioVersion = 17.10.35122.118
MinimumVisualStudioVersion = 10.0.40219.1
Project("{2150E333-8FDC-42A3-9474-1A3956D46DE8}") = "src", "src", "{06AD43DE-7913-4544-AC7B-17E2AA2FAE13}"
EndProject
Project("{2150E333-8FDC-42A3-9474-1A3956D46DE8}") = "API", "API", "{5C6AC19D-BFC4-4DE4-B873-990629F4BDA2}"
EndProject
Project("{2150E333-8FDC-42A3-9474-1A3956D46DE8}") = "Core", "Core", "{B62A7E7D-981A-4B87-9A56-7B236D6C8FFD}"
EndProject
Project("{2150E333-8FDC-42A3-9474-1A3956D46DE8}") = "test", "test", "{746FF1A9-BF2A-4E98-8089-AF4BA3ED816F}"
EndProject
Project("{2150E333-8FDC-42A3-9474-1A3956D46DE8}") = "UI", "UI", "{03EBA1CA-50C2-41B4-B40D-6D4E9822C65E}"
EndProject
Project("{9A19103F-16F7-4668-BE54-9A1E7A4F7556}") = "TodoApp.Domain", "Todo.Domain\TodoApp.Domain.csproj", "{04830710-EAB5-431E-93F7-A8A0A57191BE}"
EndProject
Project("{9A19103F-16F7-4668-BE54-9A1E7A4F7556}") = "TodoApp.Application", "Todo.Application\TodoApp.Application.csproj", "{613780AB-52F2-4DB2-9B5C-DD5C207839A0}"
EndProject
Project("{2150E333-8FDC-42A3-9474-1A3956D46DE8}") = "Infra", "Infra", "{A6BE0ED7-2605-49A3-B68E-4AC8D19BE12C}"
EndProject
Project("{9A19103F-16F7-4668-BE54-9A1E7A4F7556}") = "TodoApp.Persistence", "Todo.Persistence\TodoApp.Persistence.csproj", "{2A880B60-A029-4374-B6D0-803392D69F7D}"
EndProject
Project("{FAE04EC0-301F-11D3-BF4B-00C04F79EFBC}") = "TodoApp.Api", "TodoApp.Api\TodoApp.Api.csproj", "{D5914055-F094-401E-BCCE-73AAC064C5C6}"
EndProject
Project("{FAE04EC0-301F-11D3-BF4B-00C04F79EFBC}") = "TodoApp.MVC", "TodoApp.MVC\TodoApp.MVC.csproj", "{9CEA9BF9-4777-4D47-A6F2-1E61CD5EDA09}"
EndProject
Global
	GlobalSection(SolutionConfigurationPlatforms) = preSolution
		Debug|Any CPU = Debug|Any CPU
		Release|Any CPU = Release|Any CPU
	EndGlobalSection
	GlobalSection(ProjectConfigurationPlatforms) = postSolution
		{04830710-EAB5-431E-93F7-A8A0A57191BE}.Debug|Any CPU.ActiveCfg = Debug|Any CPU
		{04830710-EAB5-431E-93F7-A8A0A57191BE}.Debug|Any CPU.Build.0 = Debug|Any CPU
		{04830710-EAB5-431E-93F7-A8A0A57191BE}.Release|Any CPU.ActiveCfg = Release|Any CPU
		{04830710-EAB5-431E-93F7-A8A0A57191BE}.Release|Any CPU.Build.0 = Release|Any CPU
		{613780AB-52F2-4DB2-9B5C-DD5C207839A0}.Debug|Any CPU.ActiveCfg = Debug|Any CPU
		{613780AB-52F2-4DB2-9B5C-DD5C207839A0}.Debug|Any CPU.Build.0 = Debug|Any CPU
		{613780AB-52F2-4DB2-9B5C-DD5C207839A0}.Release|Any CPU.ActiveCfg = Release|Any CPU
		{613780AB-52F2-4DB2-9B5C-DD5C207839A0}.Release|Any CPU.Build.0 = Release|Any CPU
		{2A880B60-A029-4374-B6D0-803392D69F7D}.Debug|Any CPU.ActiveCfg = Debug|Any CPU
		{2A880B60-A029-4374-B6D0-803392D69F7D}.Debug|Any CPU.Build.0 = Debug|Any CPU
		{2A880B60-A029-4374-B6D0-803392D69F7D}.Release|Any CPU.ActiveCfg = Release|Any CPU
		{2A880B60-A029-4374-B6D0-803392D69F7D}.Release|Any CPU.Build.0 = Release|Any CPU
		{D5914055-F094-401E-BCCE-73AAC064C5C6}.Debug|Any CPU.ActiveCfg = Debug|Any CPU
		{D5914055-F094-401E-BCCE-73AAC064C5C6}.Debug|Any CPU.Build.0 = Debug|Any CPU
		{D5914055-F094-401E-BCCE-73AAC064C5C6}.Release|Any CPU.ActiveCfg = Release|Any CPU
		{D5914055-F094-401E-BCCE-73AAC064C5C6}.Release|Any CPU.Build.0 = Release|Any CPU
		{9CEA9BF9-4777-4D47-A6F2-1E61CD5EDA09}.Debug|Any CPU.ActiveCfg = Debug|Any CPU
		{9CEA9BF9-4777-4D47-A6F2-1E61CD5EDA09}.Debug|Any CPU.Build.0 = Debug|Any CPU
		{9CEA9BF9-4777-4D47-A6F2-1E61CD5EDA09}.Release|Any CPU.ActiveCfg = Release|Any CPU
		{9CEA9BF9-4777-4D47-A6F2-1E61CD5EDA09}.Release|Any CPU.Build.0 = Release|Any CPU
	EndGlobalSection
	GlobalSection(SolutionProperties) = preSolution
		HideSolutionNode = FALSE
	EndGlobalSection
	GlobalSection(NestedProjects) = preSolution
		{5C6AC19D-BFC4-4DE4-B873-990629F4BDA2} = {06AD43DE-7913-4544-AC7B-17E2AA2FAE13}
		{B62A7E7D-981A-4B87-9A56-7B236D6C8FFD} = {06AD43DE-7913-4544-AC7B-17E2AA2FAE13}
		{03EBA1CA-50C2-41B4-B40D-6D4E9822C65E} = {06AD43DE-7913-4544-AC7B-17E2AA2FAE13}
		{04830710-EAB5-431E-93F7-A8A0A57191BE} = {B62A7E7D-981A-4B87-9A56-7B236D6C8FFD}
		{613780AB-52F2-4DB2-9B5C-DD5C207839A0} = {B62A7E7D-981A-4B87-9A56-7B236D6C8FFD}
		{A6BE0ED7-2605-49A3-B68E-4AC8D19BE12C} = {06AD43DE-7913-4544-AC7B-17E2AA2FAE13}
		{2A880B60-A029-4374-B6D0-803392D69F7D} = {A6BE0ED7-2605-49A3-B68E-4AC8D19BE12C}
		{D5914055-F094-401E-BCCE-73AAC064C5C6} = {5C6AC19D-BFC4-4DE4-B873-990629F4BDA2}
		{9CEA9BF9-4777-4D47-A6F2-1E61CD5EDA09} = {03EBA1CA-50C2-41B4-B40D-6D4E9822C65E}
	EndGlobalSection
	GlobalSection(ExtensibilityGlobals) = postSolution
		SolutionGuid = {DAD75716-B9C8-4363-964A-BAE402D5EB5B}
	EndGlobalSection
EndGlobal
